
Microsoft Visual Studio Solution File, Format Version 12.00
# Visual Studio Version 16
VisualStudioVersion = 16.0.30503.244
MinimumVisualStudioVersion = 10.0.40219.1
Project("{FAE04EC0-301F-11D3-BF4B-00C04F79EFBC}") = "AddressBookSystem", "AddressBookSystem.csproj", "{9C18C717-3F26-4225-8307-29E1FE42875E}"
EndProject
Project("{FAE04EC0-301F-11D3-BF4B-00C04F79EFBC}") = "AddressBookSystem_Testing", "..\AddressBookSystem_Testing\AddressBookSystem_Testing.csproj", "{0B9463F4-F3FB-4AC0-B65E-22B95BDB578B}"
EndProject
Global
	GlobalSection(SolutionConfigurationPlatforms) = preSolution
		Debug|Any CPU = Debug|Any CPU
		Release|Any CPU = Release|Any CPU
	EndGlobalSection
	GlobalSection(ProjectConfigurationPlatforms) = postSolution
		{9C18C717-3F26-4225-8307-29E1FE42875E}.Debug|Any CPU.ActiveCfg = Debug|Any CPU
		{9C18C717-3F26-4225-8307-29E1FE42875E}.Debug|Any CPU.Build.0 = Debug|Any CPU
		{9C18C717-3F26-4225-8307-29E1FE42875E}.Release|Any CPU.ActiveCfg = Release|Any CPU
		{9C18C717-3F26-4225-8307-29E1FE42875E}.Release|Any CPU.Build.0 = Release|Any CPU
		{0B9463F4-F3FB-4AC0-B65E-22B95BDB578B}.Debug|Any CPU.ActiveCfg = Debug|Any CPU
		{0B9463F4-F3FB-4AC0-B65E-22B95BDB578B}.Debug|Any CPU.Build.0 = Debug|Any CPU
		{0B9463F4-F3FB-4AC0-B65E-22B95BDB578B}.Release|Any CPU.ActiveCfg = Release|Any CPU
		{0B9463F4-F3FB-4AC0-B65E-22B95BDB578B}.Release|Any CPU.Build.0 = Release|Any CPU
	EndGlobalSection
	GlobalSection(SolutionProperties) = preSolution
		HideSolutionNode = FALSE
	EndGlobalSection
	GlobalSection(ExtensibilityGlobals) = postSolution
		SolutionGuid = {99B5780A-C581-4912-AE11-AF4D29D93429}
	EndGlobalSection
EndGlobal
